// !$*UTF8*$!
{
	archiveVersion = 1;
	classes = {
	};
	objectVersion = 50;
	objects = {

/* Begin PBXBuildFile section */
		477F3B2622B98C7900C14EFD /* AppDelegate.swift in Sources */ = {isa = PBXBuildFile; fileRef = 477F3B2522B98C7900C14EFD /* AppDelegate.swift */; };
		477F3B2B22B98C7900C14EFD /* Main.storyboard in Resources */ = {isa = PBXBuildFile; fileRef = 477F3B2922B98C7900C14EFD /* Main.storyboard */; };
		477F3B2E22B98C7900C14EFD /* AASide.xcdatamodeld in Sources */ = {isa = PBXBuildFile; fileRef = 477F3B2C22B98C7900C14EFD /* AASide.xcdatamodeld */; };
		477F3B3022B98C7900C14EFD /* Assets.xcassets in Resources */ = {isa = PBXBuildFile; fileRef = 477F3B2F22B98C7900C14EFD /* Assets.xcassets */; };
		477F3B3322B98C7900C14EFD /* LaunchScreen.storyboard in Resources */ = {isa = PBXBuildFile; fileRef = 477F3B3122B98C7900C14EFD /* LaunchScreen.storyboard */; };
		477F3B3C22B9902100C14EFD /* ReveallViewController.swift in Sources */ = {isa = PBXBuildFile; fileRef = 477F3B3B22B9902100C14EFD /* ReveallViewController.swift */; };
		477F3B3E22B9903100C14EFD /* FrontViewViewController.swift in Sources */ = {isa = PBXBuildFile; fileRef = 477F3B3D22B9903100C14EFD /* FrontViewViewController.swift */; };
		477F3B4022B9905100C14EFD /* SideBarViewController.swift in Sources */ = {isa = PBXBuildFile; fileRef = 477F3B3F22B9905100C14EFD /* SideBarViewController.swift */; };
/* End PBXBuildFile section */

/* Begin PBXFileReference section */
		477F3B2222B98C7900C14EFD /* AASide.app */ = {isa = PBXFileReference; explicitFileType = wrapper.application; includeInIndex = 0; path = AASide.app; sourceTree = BUILT_PRODUCTS_DIR; };
		477F3B2522B98C7900C14EFD /* AppDelegate.swift */ = {isa = PBXFileReference; lastKnownFileType = sourcecode.swift; path = AppDelegate.swift; sourceTree = "<group>"; };
		477F3B2A22B98C7900C14EFD /* Base */ = {isa = PBXFileReference; lastKnownFileType = file.storyboard; name = Base; path = Base.lproj/Main.storyboard; sourceTree = "<group>"; };
		477F3B2D22B98C7900C14EFD /* AASide.xcdatamodel */ = {isa = PBXFileReference; lastKnownFileType = wrapper.xcdatamodel; path = AASide.xcdatamodel; sourceTree = "<group>"; };
		477F3B2F22B98C7900C14EFD /* Assets.xcassets */ = {isa = PBXFileReference; lastKnownFileType = folder.assetcatalog; path = Assets.xcassets; sourceTree = "<group>"; };
		477F3B3222B98C7900C14EFD /* Base */ = {isa = PBXFileReference; lastKnownFileType = file.storyboard; name = Base; path = Base.lproj/LaunchScreen.storyboard; sourceTree = "<group>"; };
		477F3B3422B98C7900C14EFD /* Info.plist */ = {isa = PBXFileReference; lastKnownFileType = text.plist.xml; path = Info.plist; sourceTree = "<group>"; };
		477F3B3B22B9902100C14EFD /* ReveallViewController.swift */ = {isa = PBXFileReference; lastKnownFileType = sourcecode.swift; path = ReveallViewController.swift; sourceTree = "<group>"; };
		477F3B3D22B9903100C14EFD /* FrontViewViewController.swift */ = {isa = PBXFileReference; lastKnownFileType = sourcecode.swift; path = FrontViewViewController.swift; sourceTree = "<group>"; };
		477F3B3F22B9905100C14EFD /* SideBarViewController.swift */ = {isa = PBXFileReference; lastKnownFileType = sourcecode.swift; path = SideBarViewController.swift; sourceTree = "<group>"; };
/* End PBXFileReference section */

/* Begin PBXFrameworksBuildPhase section */
		477F3B1F22B98C7800C14EFD /* Frameworks */ = {
			isa = PBXFrameworksBuildPhase;
			buildActionMask = 2147483647;
			files = (
			);
			runOnlyForDeploymentPostprocessing = 0;
		};
/* End PBXFrameworksBuildPhase section */

/* Begin PBXGroup section */
		477F3B1922B98C7800C14EFD = {
			isa = PBXGroup;
			children = (
				477F3B2422B98C7900C14EFD /* AASide */,
				477F3B2322B98C7900C14EFD /* Products */,
			);
			sourceTree = "<group>";
		};
		477F3B2322B98C7900C14EFD /* Products */ = {
			isa = PBXGroup;
			children = (
				477F3B2222B98C7900C14EFD /* AASide.app */,
			);
			name = Products;
			sourceTree = "<group>";
		};
		477F3B2422B98C7900C14EFD /* AASide */ = {
			isa = PBXGroup;
			children = (
				477F3B3A22B98D0600C14EFD /* Resources */,
				477F3B2522B98C7900C14EFD /* AppDelegate.swift */,
				477F3B3B22B9902100C14EFD /* ReveallViewController.swift */,
				477F3B3D22B9903100C14EFD /* FrontViewViewController.swift */,
				477F3B3F22B9905100C14EFD /* SideBarViewController.swift */,
				477F3B2922B98C7900C14EFD /* Main.storyboard */,
				477F3B2F22B98C7900C14EFD /* Assets.xcassets */,
				477F3B3122B98C7900C14EFD /* LaunchScreen.storyboard */,
				477F3B3422B98C7900C14EFD /* Info.plist */,
				477F3B2C22B98C7900C14EFD /* AASide.xcdatamodeld */,
			);
			path = AASide;
			sourceTree = "<group>";
		};
		477F3B3A22B98D0600C14EFD /* Resources */ = {
			isa = PBXGroup;
			children = (
			);
			path = Resources;
			sourceTree = "<group>";
		};
/* End PBXGroup section */

/* Begin PBXNativeTarget section */
		477F3B2122B98C7800C14EFD /* AASide */ = {
			isa = PBXNativeTarget;
			buildConfigurationList = 477F3B3722B98C7900C14EFD /* Build configuration list for PBXNativeTarget "AASide" */;
			buildPhases = (
				477F3B1E22B98C7800C14EFD /* Sources */,
				477F3B1F22B98C7800C14EFD /* Frameworks */,
				477F3B2022B98C7800C14EFD /* Resources */,
			);
			buildRules = (
			);
			dependencies = (
			);
			name = AASide;
			productName = AASide;
			productReference = 477F3B2222B98C7900C14EFD /* AASide.app */;
			productType = "com.apple.product-type.application";
		};
/* End PBXNativeTarget section */

/* Begin PBXProject section */
		477F3B1A22B98C7800C14EFD /* Project object */ = {
			isa = PBXProject;
			attributes = {
				LastSwiftUpdateCheck = 1020;
				LastUpgradeCheck = 1020;
				ORGANIZATIONNAME = Hwang;
				TargetAttributes = {
					477F3B2122B98C7800C14EFD = {
						CreatedOnToolsVersion = 10.2.1;
					};
				};
			};
			buildConfigurationList = 477F3B1D22B98C7800C14EFD /* Build configuration list for PBXProject "AASide" */;
			compatibilityVersion = "Xcode 9.3";
			developmentRegion = en;
			hasScannedForEncodings = 0;
			knownRegions = (
				en,
				Base,
			);
			mainGroup = 477F3B1922B98C7800C14EFD;
			productRefGroup = 477F3B2322B98C7900C14EFD /* Products */;
			projectDirPath = "";
			projectRoot = "";
			targets = (
				477F3B2122B98C7800C14EFD /* AASide */,
			);
		};
/* End PBXProject section */

/* Begin PBXResourcesBuildPhase section */
		477F3B2022B98C7800C14EFD /* Resources */ = {
			isa = PBXResourcesBuildPhase;
			buildActionMask = 2147483647;
			files = (
				477F3B3322B98C7900C14EFD /* LaunchScreen.storyboard in Resources */,
				477F3B3022B98C7900C14EFD /* Assets.xcassets in Resources */,
				477F3B2B22B98C7900C14EFD /* Main.storyboard in Resources */,
			);
			runOnlyForDeploymentPostprocessing = 0;
		};
/* End PBXResourcesBuildPhase section */

/* Begin PBXSourcesBuildPhase section */
		477F3B1E22B98C7800C14EFD /* Sources */ = {
			isa = PBXSourcesBuildPhase;
			buildActionMask = 2147483647;
			files = (
				477F3B2E22B98C7900C14EFD /* AASide.xcdatamodeld in Sources */,
				477F3B2622B98C7900C14EFD /* AppDelegate.swift in Sources */,
				477F3B4022B9905100C14EFD /* SideBarViewController.swift in Sources */,
				477F3B3C22B9902100C14EFD /* ReveallViewController.swift in Sources */,
				477F3B3E22B9903100C14EFD /* FrontViewViewController.swift in Sources */,
			);
			runOnlyForDeploymentPostprocessing = 0;
		};
/* End PBXSourcesBuildPhase section */

/* Begin PBXVariantGroup section */
		477F3B2922B98C7900C14EFD /* Main.storyboard */ = {
			isa = PBXVariantGroup;
			children = (
				477F3B2A22B98C7900C14EFD /* Base */,
			);
			name = Main.storyboard;
			sourceTree = "<group>";
		};
		477F3B3122B98C7900C14EFD /* LaunchScreen.storyboard */ = {
			isa = PBXVariantGroup;
			children = (
				477F3B3222B98C7900C14EFD /* Base */,
			);
			name = LaunchScreen.storyboard;
			sourceTree = "<group>";
		};
/* End PBXVariantGroup section */

/* Begin XCBuildConfiguration section */
		477F3B3522B98C7900C14EFD /* Debug */ = {
			isa = XCBuildConfiguration;
			buildSettings = {
				ALWAYS_SEARCH_USER_PATHS = NO;
				CLANG_ANALYZER_NONNULL = YES;
				CLANG_ANALYZER_NUMBER_OBJECT_CONVERSION = YES_AGGRESSIVE;
				CLANG_CXX_LANGUAGE_STANDARD = "gnu++14";
				CLANG_CXX_LIBRARY = "libc++";
				CLANG_ENABLE_MODULES = YES;
				CLANG_ENABLE_OBJC_ARC = YES;
				CLANG_ENABLE_OBJC_WEAK = YES;
				CLANG_WARN_BLOCK_CAPTURE_AUTORELEASING = YES;
				CLANG_WARN_BOOL_CONVERSION = YES;
				CLANG_WARN_COMMA = YES;
				CLANG_WARN_CONSTANT_CONVERSION = YES;
				CLANG_WARN_DEPRECATED_OBJC_IMPLEMENTATIONS = YES;
				CLANG_WARN_DIRECT_OBJC_ISA_USAGE = YES_ERROR;
				CLANG_WARN_DOCUMENTATION_COMMENTS = YES;
				CLANG_WARN_EMPTY_BODY = YES;
				CLANG_WARN_ENUM_CONVERSION = YES;
				CLANG_WARN_INFINITE_RECURSION = YES;
				CLANG_WARN_INT_CONVERSION = YES;
				CLANG_WARN_NON_LITERAL_NULL_CONVERSION = YES;
				CLANG_WARN_OBJC_IMPLICIT_RETAIN_SELF = YES;
				CLANG_WARN_OBJC_LITERAL_CONVERSION = YES;
				CLANG_WARN_OBJC_ROOT_CLASS = YES_ERROR;
				CLANG_WARN_RANGE_LOOP_ANALYSIS = YES;
				CLANG_WARN_STRICT_PROTOTYPES = YES;
				CLANG_WARN_SUSPICIOUS_MOVE = YES;
				CLANG_WARN_UNGUARDED_AVAILABILITY = YES_AGGRESSIVE;
				CLANG_WARN_UNREACHABLE_CODE = YES;
				CLANG_WARN__DUPLICATE_METHOD_MATCH = YES;
				CODE_SIGN_IDENTITY = "iPhone Developer";
				COPY_PHASE_STRIP = NO;
				DEBUG_INFORMATION_FORMAT = dwarf;
				ENABLE_STRICT_OBJC_MSGSEND = YES;
				ENABLE_TESTABILITY = YES;
				GCC_C_LANGUAGE_STANDARD = gnu11;
				GCC_DYNAMIC_NO_PIC = NO;
				GCC_NO_COMMON_BLOCKS = YES;
				GCC_OPTIMIZATION_LEVEL = 0;
				GCC_PREPROCESSOR_DEFINITIONS = (
					"DEBUG=1",
					"$(inherited)",
				);
				GCC_WARN_64_TO_32_BIT_CONVERSION = YES;
				GCC_WARN_ABOUT_RETURN_TYPE = YES_ERROR;
				GCC_WARN_UNDECLARED_SELECTOR = YES;
				GCC_WARN_UNINITIALIZED_AUTOS = YES_AGGRESSIVE;
				GCC_WARN_UNUSED_FUNCTION = YES;
				GCC_WARN_UNUSED_VARIABLE = YES;
				IPHONEOS_DEPLOYMENT_TARGET = 12.2;
				MTL_ENABLE_DEBUG_INFO = INCLUDE_SOURCE;
				MTL_FAST_MATH = YES;
				ONLY_ACTIVE_ARCH = YES;
				SDKROOT = iphoneos;
				SWIFT_ACTIVE_COMPILATION_CONDITIONS = DEBUG;
				SWIFT_OPTIMIZATION_LEVEL = "-Onone";
			};
			name = Debug;
		};
		477F3B3622B98C7900C14EFD /* Release */ = {
			isa = XCBuildConfiguration;
			buildSettings = {
				ALWAYS_SEARCH_USER_PATHS = NO;
				CLANG_ANALYZER_NONNULL = YES;
				CLANG_ANALYZER_NUMBER_OBJECT_CONVERSION = YES_AGGRESSIVE;
				CLANG_CXX_LANGUAGE_STANDARD = "gnu++14";
				CLANG_CXX_LIBRARY = "libc++";
				CLANG_ENABLE_MODULES = YES;
				CLANG_ENABLE_OBJC_ARC = YES;
				CLANG_ENABLE_OBJC_WEAK = YES;
				CLANG_WARN_BLOCK_CAPTURE_AUTORELEASING = YES;
				CLANG_WARN_BOOL_CONVERSION = YES;
				CLANG_WARN_COMMA = YES;
				CLANG_WARN_CONSTANT_CONVERSION = YES;
				CLANG_WARN_DEPRECATED_OBJC_IMPLEMENTATIONS = YES;
				CLANG_WARN_DIRECT_OBJC_ISA_USAGE = YES_ERROR;
				CLANG_WARN_DOCUMENTATION_COMMENTS = YES;
				CLANG_WARN_EMPTY_BODY = YES;
				CLANG_WARN_ENUM_CONVERSION = YES;
				CLANG_WARN_INFINITE_RECURSION = YES;
				CLANG_WARN_INT_CONVERSION = YES;
				CLANG_WARN_NON_LITERAL_NULL_CONVERSION = YES;
				CLANG_WARN_OBJC_IMPLICIT_RETAIN_SELF = YES;
				CLANG_WARN_OBJC_LITERAL_CONVERSION = YES;
				CLANG_WARN_OBJC_ROOT_CLASS = YES_ERROR;
				CLANG_WARN_RANGE_LOOP_ANALYSIS = YES;
				CLANG_WARN_STRICT_PROTOTYPES = YES;
				CLANG_WARN_SUSPICIOUS_MOVE = YES;
				CLANG_WARN_UNGUARDED_AVAILABILITY = YES_AGGRESSIVE;
				CLANG_WARN_UNREACHABLE_CODE = YES;
				CLANG_WARN__DUPLICATE_METHOD_MATCH = YES;
				CODE_SIGN_IDENTITY = "iPhone Developer";
				COPY_PHASE_STRIP = NO;
				DEBUG_INFORMATION_FORMAT = "dwarf-with-dsym";
				ENABLE_NS_ASSERTIONS = NO;
				ENABLE_STRICT_OBJC_MSGSEND = YES;
				GCC_C_LANGUAGE_STANDARD = gnu11;
				GCC_NO_COMMON_BLOCKS = YES;
				GCC_WARN_64_TO_32_BIT_CONVERSION = YES;
				GCC_WARN_ABOUT_RETURN_TYPE = YES_ERROR;
				GCC_WARN_UNDECLARED_SELECTOR = YES;
				GCC_WARN_UNINITIALIZED_AUTOS = YES_AGGRESSIVE;
				GCC_WARN_UNUSED_FUNCTION = YES;
				GCC_WARN_UNUSED_VARIABLE = YES;
				IPHONEOS_DEPLOYMENT_TARGET = 12.2;
				MTL_ENABLE_DEBUG_INFO = NO;
				MTL_FAST_MATH = YES;
				SDKROOT = iphoneos;
				SWIFT_COMPILATION_MODE = wholemodule;
				SWIFT_OPTIMIZATION_LEVEL = "-O";
				VALIDATE_PRODUCT = YES;
			};
			name = Release;
		};
		477F3B3822B98C7900C14EFD /* Debug */ = {
			isa = XCBuildConfiguration;
			buildSettings = {
				ASSETCATALOG_COMPILER_APPICON_NAME = AppIcon;
				CODE_SIGN_STYLE = Automatic;
				INFOPLIST_FILE = AASide/Info.plist;
				LD_RUNPATH_SEARCH_PATHS = (
					"$(inherited)",
					"@executable_path/Frameworks",
				);
				PRODUCT_BUNDLE_IDENTIFIER = com.tourbillion42.www.AASide;
				PRODUCT_NAME = "$(TARGET_NAME)";
				SWIFT_VERSION = 5.0;
				TARGETED_DEVICE_FAMILY = "1,2";
			};
			name = Debug;
		};
		477F3B3922B98C7900C14EFD /* Release */ = {
			isa = XCBuildConfiguration;
			buildSettings = {
				ASSETCATALOG_COMPILER_APPICON_NAME = AppIcon;
				CODE_SIGN_STYLE = Automatic;
				INFOPLIST_FILE = AASide/Info.plist;
				LD_RUNPATH_SEARCH_PATHS = (
					"$(inherited)",
					"@executable_path/Frameworks",
				);
				PRODUCT_BUNDLE_IDENTIFIER = com.tourbillion42.www.AASide;
				PRODUCT_NAME = "$(TARGET_NAME)";
				SWIFT_VERSION = 5.0;
				TARGETED_DEVICE_FAMILY = "1,2";
			};
			name = Release;
		};
/* End XCBuildConfiguration section */

/* Begin XCConfigurationList section */
		477F3B1D22B98C7800C14EFD /* Build configuration list for PBXProject "AASide" */ = {
			isa = XCConfigurationList;
			buildConfigurations = (
				477F3B3522B98C7900C14EFD /* Debug */,
				477F3B3622B98C7900C14EFD /* Release */,
			);
			defaultConfigurationIsVisible = 0;
			defaultConfigurationName = Release;
		};
		477F3B3722B98C7900C14EFD /* Build configuration list for PBXNativeTarget "AASide" */ = {
			isa = XCConfigurationList;
			buildConfigurations = (
				477F3B3822B98C7900C14EFD /* Debug */,
				477F3B3922B98C7900C14EFD /* Release */,
			);
			defaultConfigurationIsVisible = 0;
			defaultConfigurationName = Release;
		};
/* End XCConfigurationList section */

/* Begin XCVersionGroup section */
		477F3B2C22B98C7900C14EFD /* AASide.xcdatamodeld */ = {
			isa = XCVersionGroup;
			children = (
				477F3B2D22B98C7900C14EFD /* AASide.xcdatamodel */,
			);
			currentVersion = 477F3B2D22B98C7900C14EFD /* AASide.xcdatamodel */;
			path = AASide.xcdatamodeld;
			sourceTree = "<group>";
			versionGroupType = wrapper.xcdatamodel;
		};
/* End XCVersionGroup section */
	};
	rootObject = 477F3B1A22B98C7800C14EFD /* Project object */;
}
